
Microsoft Visual Studio Solution File, Format Version 12.00
# Visual Studio Version 17
VisualStudioVersion = 17.5.002.0
MinimumVisualStudioVersion = 10.0.40219.1
Project("{9A19103F-16F7-4668-BE54-9A1E7A4F7556}") = "aula 5 - 42", "aula 5 - 42.csproj", "{E93F1E4C-F6B2-41BB-A16A-E5BF2756A946}"
EndProject
Global
	GlobalSection(SolutionConfigurationPlatforms) = preSolution
		Debug|Any CPU = Debug|Any CPU
		Release|Any CPU = Release|Any CPU
	EndGlobalSection
	GlobalSection(ProjectConfigurationPlatforms) = postSolution
		{E93F1E4C-F6B2-41BB-A16A-E5BF2756A946}.Debug|Any CPU.ActiveCfg = Debug|Any CPU
		{E93F1E4C-F6B2-41BB-A16A-E5BF2756A946}.Debug|Any CPU.Build.0 = Debug|Any CPU
		{E93F1E4C-F6B2-41BB-A16A-E5BF2756A946}.Release|Any CPU.ActiveCfg = Release|Any CPU
		{E93F1E4C-F6B2-41BB-A16A-E5BF2756A946}.Release|Any CPU.Build.0 = Release|Any CPU
	EndGlobalSection
	GlobalSection(SolutionProperties) = preSolution
		HideSolutionNode = FALSE
	EndGlobalSection
	GlobalSection(ExtensibilityGlobals) = postSolution
		SolutionGuid = {CC297908-C716-497C-BAFE-DC82782C2B49}
	EndGlobalSection
EndGlobal
